{
  "name": "music_json_convert",
  "version": "1.0.0",
  "lockfileVersion": 2,
  "requires": true,
  "packages": {
    "": {
      "name": "music_json_convert",
      "version": "1.0.0",
      "license": "ISC",
      "dependencies": {
        "cytoscape": "^3.20.0",
        "ramda": "^0.28.0"
      }
    },
    "node_modules/cytoscape": {
      "version": "3.20.0",
      "resolved": "https://registry.npmjs.org/cytoscape/-/cytoscape-3.20.0.tgz",
      "integrity": "sha512-V2OUoav8ltY9UPgdjuhQOqkkWT28IbJODioWCjcnLqmjym9lMpnD0ie0vdQCdAiZapjbTGAv8aoKmmSuVcC1gA==",
      "dependencies": {
        "heap": "^0.2.6",
        "lodash.debounce": "^4.0.8"
      },
      "engines": {
        "node": ">=0.10"
      }
    },
    "node_modules/heap": {
      "version": "0.2.7",
      "resolved": "https://registry.npmjs.org/heap/-/heap-0.2.7.tgz",
      "integrity": "sha512-2bsegYkkHO+h/9MGbn6KWcE45cHZgPANo5LXF7EvWdT0yT2EguSVO1nDgU5c8+ZOPwp2vMNa7YFsJhVcDR9Sdg=="
    },
    "node_modules/lodash.debounce": {
      "version": "4.0.8",
      "resolved": "https://registry.npmjs.org/lodash.debounce/-/lodash.debounce-4.0.8.tgz",
      "integrity": "sha1-gteb/zCmfEAF/9XiUVMArZyk168="
    },
    "node_modules/ramda": {
      "version": "0.28.0",
      "resolved": "https://registry.npmjs.org/ramda/-/ramda-0.28.0.tgz",
      "integrity": "sha512-9QnLuG/kPVgWvMQ4aODhsBUFKOUmnbUnsSXACv+NCQZcHbeb+v8Lodp8OVxtRULN1/xOyYLLaL6npE6dMq5QTA==",
      "funding": {
        "type": "opencollective",
        "url": "https://opencollective.com/ramda"
      }
    }
  },
  "dependencies": {
    "cytoscape": {
      "version": "3.20.0",
      "resolved": "https://registry.npmjs.org/cytoscape/-/cytoscape-3.20.0.tgz",
      "integrity": "sha512-V2OUoav8ltY9UPgdjuhQOqkkWT28IbJODioWCjcnLqmjym9lMpnD0ie0vdQCdAiZapjbTGAv8aoKmmSuVcC1gA==",
      "requires": {
        "heap": "^0.2.6",
        "lodash.debounce": "^4.0.8"
      }
    },
    "heap": {
      "version": "0.2.7",
      "resolved": "https://registry.npmjs.org/heap/-/heap-0.2.7.tgz",
      "integrity": "sha512-2bsegYkkHO+h/9MGbn6KWcE45cHZgPANo5LXF7EvWdT0yT2EguSVO1nDgU5c8+ZOPwp2vMNa7YFsJhVcDR9Sdg=="
    },
    "lodash.debounce": {
      "version": "4.0.8",
      "resolved": "https://registry.npmjs.org/lodash.debounce/-/lodash.debounce-4.0.8.tgz",
      "integrity": "sha1-gteb/zCmfEAF/9XiUVMArZyk168="
    },
    "ramda": {
      "version": "0.28.0",
      "resolved": "https://registry.npmjs.org/ramda/-/ramda-0.28.0.tgz",
      "integrity": "sha512-9QnLuG/kPVgWvMQ4aODhsBUFKOUmnbUnsSXACv+NCQZcHbeb+v8Lodp8OVxtRULN1/xOyYLLaL6npE6dMq5QTA=="
    }
  }
}
